
Microsoft Visual Studio Solution File, Format Version 12.00
# Visual Studio 15
VisualStudioVersion = 15.0.26403.7
MinimumVisualStudioVersion = 10.0.40219.1
Project("{FAE04EC0-301F-11D3-BF4B-00C04F79EFBC}") = "RoslynCompiler_4.6.2", "RoslynCompiler_4.6.2\RoslynCompiler_4.6.2.csproj", "{5D91F368-20AE-4F58-A7B9-6D8724C4B28F}"
EndProject
Project("{FAE04EC0-301F-11D3-BF4B-00C04F79EFBC}") = "RoslynCompiler_4.6.1", "RoslynCompiler_4.6.1\RoslynCompiler_4.6.1.csproj", "{F1241805-7AA6-4DFA-83E5-1C3EB0F61FD3}"
EndProject
Project("{FAE04EC0-301F-11D3-BF4B-00C04F79EFBC}") = "RoslynCompiler_4.6", "RoslynCompiler_4.6\RoslynCompiler_4.6.csproj", "{6E6B3250-27C0-4DC0-88DD-A945C1169791}"
EndProject
Project("{FAE04EC0-301F-11D3-BF4B-00C04F79EFBC}") = "Comparer", "Comparer\Comparer.csproj", "{1BB94DDD-09DA-41CA-95D8-7EDC1EC46AD1}"
EndProject
Global
	GlobalSection(SolutionConfigurationPlatforms) = preSolution
		Debug|Any CPU = Debug|Any CPU
		Release|Any CPU = Release|Any CPU
	EndGlobalSection
	GlobalSection(ProjectConfigurationPlatforms) = postSolution
		{5D91F368-20AE-4F58-A7B9-6D8724C4B28F}.Debug|Any CPU.ActiveCfg = Debug|Any CPU
		{5D91F368-20AE-4F58-A7B9-6D8724C4B28F}.Debug|Any CPU.Build.0 = Debug|Any CPU
		{5D91F368-20AE-4F58-A7B9-6D8724C4B28F}.Release|Any CPU.ActiveCfg = Release|Any CPU
		{5D91F368-20AE-4F58-A7B9-6D8724C4B28F}.Release|Any CPU.Build.0 = Release|Any CPU
		{F1241805-7AA6-4DFA-83E5-1C3EB0F61FD3}.Debug|Any CPU.ActiveCfg = Debug|Any CPU
		{F1241805-7AA6-4DFA-83E5-1C3EB0F61FD3}.Debug|Any CPU.Build.0 = Debug|Any CPU
		{F1241805-7AA6-4DFA-83E5-1C3EB0F61FD3}.Release|Any CPU.ActiveCfg = Release|Any CPU
		{F1241805-7AA6-4DFA-83E5-1C3EB0F61FD3}.Release|Any CPU.Build.0 = Release|Any CPU
		{6E6B3250-27C0-4DC0-88DD-A945C1169791}.Debug|Any CPU.ActiveCfg = Debug|Any CPU
		{6E6B3250-27C0-4DC0-88DD-A945C1169791}.Debug|Any CPU.Build.0 = Debug|Any CPU
		{6E6B3250-27C0-4DC0-88DD-A945C1169791}.Release|Any CPU.ActiveCfg = Release|Any CPU
		{6E6B3250-27C0-4DC0-88DD-A945C1169791}.Release|Any CPU.Build.0 = Release|Any CPU
		{1BB94DDD-09DA-41CA-95D8-7EDC1EC46AD1}.Debug|Any CPU.ActiveCfg = Debug|Any CPU
		{1BB94DDD-09DA-41CA-95D8-7EDC1EC46AD1}.Debug|Any CPU.Build.0 = Debug|Any CPU
		{1BB94DDD-09DA-41CA-95D8-7EDC1EC46AD1}.Release|Any CPU.ActiveCfg = Release|Any CPU
		{1BB94DDD-09DA-41CA-95D8-7EDC1EC46AD1}.Release|Any CPU.Build.0 = Release|Any CPU
	EndGlobalSection
	GlobalSection(SolutionProperties) = preSolution
		HideSolutionNode = FALSE
	EndGlobalSection
EndGlobal
